{
  "name": "inwehub-app",
  "version": "1.0.0",
  "lockfileVersion": 1,
  "requires": true,
  "dependencies": {
    "jweixin-module": {
      "version": "1.4.1",
      "resolved": "https://registry.npmjs.org/jweixin-module/-/jweixin-module-1.4.1.tgz",
      "integrity": "sha512-2R2oa1lYhAsclfjKSf3DP4ZiP1dcrQUbM7aklbeJA+UAg/LS7MqoA6UbTy1cs4sbB34z62K4bKW0Z9iazD8ejg=="
    },
    "mpvue": {
      "version": "1.0.18",
      "resolved": "https://registry.npmjs.org/mpvue/-/mpvue-1.0.18.tgz",
      "integrity": "sha512-d/QAIKy6UQeTOLAfdNmZNwT/9tbgPmKe788YhDTIVtOLz0aqoCs1H2j5sPKzxZkTNMZrVg2UOoFbxK1nXSbajQ=="
    },
    "mpvue-citypicker": {
      "version": "1.0.5",
      "resolved": "https://registry.npmjs.org/mpvue-citypicker/-/mpvue-citypicker-1.0.5.tgz",
      "integrity": "sha512-0iyRDyWp4VwCT7MrgdjdSpn31AtHN/K0FaErTdl2+vc9Tsicpmh3EZW6j80rUdGMqQGgrbbsfuq7zqqpRmGfhg==",
      "requires": {
        "mpvue": "1.0.18"
      }
    },
    "mpvue-picker": {
      "version": "2.1.3",
      "resolved": "https://registry.npmjs.org/mpvue-picker/-/mpvue-picker-2.1.3.tgz",
      "integrity": "sha512-Gae0+XNrWvT2vyOfd7byRgimaa0513H/V9Xl9Nu9b0hkiPlQudgFLEkFLRBAi1Nes3lg/krKDIS0qr4M6fU1Pg==",
      "requires": {
        "mpvue": "1.0.18"
      }
    },
    "raven-js": {
      "version": "3.27.0",
      "resolved": "https://registry.npmjs.org/raven-js/-/raven-js-3.27.0.tgz",
      "integrity": "sha512-vChdOL+yzecfnGA+B5EhEZkJ3kY3KlMzxEhShKh6Vdtooyl0yZfYNFQfYzgMf2v4pyQa+OTZ5esTxxgOOZDHqw=="
    }
  }
}
